
Microsoft Visual Studio Solution File, Format Version 12.00
# Visual Studio Version 17
VisualStudioVersion = 17.8.34330.188
MinimumVisualStudioVersion = 10.0.40219.1
Project("{FAE04EC0-301F-11D3-BF4B-00C04F79EFBC}") = "Disconnected_CRUD", "Disconnected_CRUD\Disconnected_CRUD.csproj", "{1C46A695-BA51-475F-9A0C-D0918DDA44D7}"
EndProject
Global
	GlobalSection(SolutionConfigurationPlatforms) = preSolution
		Debug|Any CPU = Debug|Any CPU
		Release|Any CPU = Release|Any CPU
	EndGlobalSection
	GlobalSection(ProjectConfigurationPlatforms) = postSolution
		{1C46A695-BA51-475F-9A0C-D0918DDA44D7}.Debug|Any CPU.ActiveCfg = Debug|Any CPU
		{1C46A695-BA51-475F-9A0C-D0918DDA44D7}.Debug|Any CPU.Build.0 = Debug|Any CPU
		{1C46A695-BA51-475F-9A0C-D0918DDA44D7}.Release|Any CPU.ActiveCfg = Release|Any CPU
		{1C46A695-BA51-475F-9A0C-D0918DDA44D7}.Release|Any CPU.Build.0 = Release|Any CPU
	EndGlobalSection
	GlobalSection(SolutionProperties) = preSolution
		HideSolutionNode = FALSE
	EndGlobalSection
	GlobalSection(ExtensibilityGlobals) = postSolution
		SolutionGuid = {5C0375AC-7797-457D-B8C3-DBE6AA3815FD}
	EndGlobalSection
EndGlobal
