
Microsoft Visual Studio Solution File, Format Version 12.00
# Visual Studio Version 17
VisualStudioVersion = 17.8.34330.188
MinimumVisualStudioVersion = 10.0.40219.1
Project("{FAE04EC0-301F-11D3-BF4B-00C04F79EFBC}") = "ITI.DataAccess", "ITI.DataAccess\ITI.DataAccess.csproj", "{F12A1785-C128-4DAD-8074-1EABC8962919}"
EndProject
Project("{FAE04EC0-301F-11D3-BF4B-00C04F79EFBC}") = "ITI.Business", "ITI.Business\ITI.Business.csproj", "{3DB5DBB4-62E9-464E-9249-76700BA7314B}"
EndProject
Project("{FAE04EC0-301F-11D3-BF4B-00C04F79EFBC}") = "ITI.Presentation", "ITI.Presentation\ITI.Presentation.csproj", "{6E03DE1B-A58F-492D-B9E9-F449D4400B91}"
EndProject
Global
	GlobalSection(SolutionConfigurationPlatforms) = preSolution
		Debug|Any CPU = Debug|Any CPU
		Release|Any CPU = Release|Any CPU
	EndGlobalSection
	GlobalSection(ProjectConfigurationPlatforms) = postSolution
		{F12A1785-C128-4DAD-8074-1EABC8962919}.Debug|Any CPU.ActiveCfg = Debug|Any CPU
		{F12A1785-C128-4DAD-8074-1EABC8962919}.Debug|Any CPU.Build.0 = Debug|Any CPU
		{F12A1785-C128-4DAD-8074-1EABC8962919}.Release|Any CPU.ActiveCfg = Release|Any CPU
		{F12A1785-C128-4DAD-8074-1EABC8962919}.Release|Any CPU.Build.0 = Release|Any CPU
		{3DB5DBB4-62E9-464E-9249-76700BA7314B}.Debug|Any CPU.ActiveCfg = Debug|Any CPU
		{3DB5DBB4-62E9-464E-9249-76700BA7314B}.Debug|Any CPU.Build.0 = Debug|Any CPU
		{3DB5DBB4-62E9-464E-9249-76700BA7314B}.Release|Any CPU.ActiveCfg = Release|Any CPU
		{3DB5DBB4-62E9-464E-9249-76700BA7314B}.Release|Any CPU.Build.0 = Release|Any CPU
		{6E03DE1B-A58F-492D-B9E9-F449D4400B91}.Debug|Any CPU.ActiveCfg = Debug|Any CPU
		{6E03DE1B-A58F-492D-B9E9-F449D4400B91}.Debug|Any CPU.Build.0 = Debug|Any CPU
		{6E03DE1B-A58F-492D-B9E9-F449D4400B91}.Release|Any CPU.ActiveCfg = Release|Any CPU
		{6E03DE1B-A58F-492D-B9E9-F449D4400B91}.Release|Any CPU.Build.0 = Release|Any CPU
	EndGlobalSection
	GlobalSection(SolutionProperties) = preSolution
		HideSolutionNode = FALSE
	EndGlobalSection
	GlobalSection(ExtensibilityGlobals) = postSolution
		SolutionGuid = {5C6DF1E4-4C2E-432D-9C4A-1A9AD07E6FC6}
	EndGlobalSection
EndGlobal
